// !$*UTF8*$!
{
	archiveVersion = 1;
	classes = {
	};
	objectVersion = 56;
	objects = {

/* Begin PBXBuildFile section */
		CC593F1B2B29DC5600CE2CC1 /* AppDelegate.swift in Sources */ = {isa = PBXBuildFile; fileRef = CC593F1A2B29DC5600CE2CC1 /* AppDelegate.swift */; };
		CC593F1D2B29DC5600CE2CC1 /* SceneDelegate.swift in Sources */ = {isa = PBXBuildFile; fileRef = CC593F1C2B29DC5600CE2CC1 /* SceneDelegate.swift */; };
		CC593F1F2B29DC5600CE2CC1 /* ViewController.swift in Sources */ = {isa = PBXBuildFile; fileRef = CC593F1E2B29DC5600CE2CC1 /* ViewController.swift */; };
		CC593F222B29DC5600CE2CC1 /* Main.storyboard in Resources */ = {isa = PBXBuildFile; fileRef = CC593F202B29DC5600CE2CC1 /* Main.storyboard */; };
		CC593F252B29DC5600CE2CC1 /* CoredataSample.xcdatamodeld in Sources */ = {isa = PBXBuildFile; fileRef = CC593F232B29DC5600CE2CC1 /* CoredataSample.xcdatamodeld */; };
		CC593F272B29DC5800CE2CC1 /* Assets.xcassets in Resources */ = {isa = PBXBuildFile; fileRef = CC593F262B29DC5800CE2CC1 /* Assets.xcassets */; };
		CC593F2A2B29DC5800CE2CC1 /* LaunchScreen.storyboard in Resources */ = {isa = PBXBuildFile; fileRef = CC593F282B29DC5800CE2CC1 /* LaunchScreen.storyboard */; };
		CC593F342B2AC7E800CE2CC1 /* EmployeeTableVC.swift in Sources */ = {isa = PBXBuildFile; fileRef = CC593F332B2AC7E800CE2CC1 /* EmployeeTableVC.swift */; };
		CC593F3D2B2AD61600CE2CC1 /* DatabaseManager.swift in Sources */ = {isa = PBXBuildFile; fileRef = CC593F3C2B2AD61600CE2CC1 /* DatabaseManager.swift */; };
		CC593F3F2B2AD80D00CE2CC1 /* EmployeeModel.swift in Sources */ = {isa = PBXBuildFile; fileRef = CC593F3E2B2AD80D00CE2CC1 /* EmployeeModel.swift */; };
/* End PBXBuildFile section */

/* Begin PBXFileReference section */
		CC593F172B29DC5600CE2CC1 /* CoredataSample.app */ = {isa = PBXFileReference; explicitFileType = wrapper.application; includeInIndex = 0; path = CoredataSample.app; sourceTree = BUILT_PRODUCTS_DIR; };
		CC593F1A2B29DC5600CE2CC1 /* AppDelegate.swift */ = {isa = PBXFileReference; lastKnownFileType = sourcecode.swift; path = AppDelegate.swift; sourceTree = "<group>"; };
		CC593F1C2B29DC5600CE2CC1 /* SceneDelegate.swift */ = {isa = PBXFileReference; lastKnownFileType = sourcecode.swift; path = SceneDelegate.swift; sourceTree = "<group>"; };
		CC593F1E2B29DC5600CE2CC1 /* ViewController.swift */ = {isa = PBXFileReference; lastKnownFileType = sourcecode.swift; path = ViewController.swift; sourceTree = "<group>"; };
		CC593F212B29DC5600CE2CC1 /* Base */ = {isa = PBXFileReference; lastKnownFileType = file.storyboard; name = Base; path = Base.lproj/Main.storyboard; sourceTree = "<group>"; };
		CC593F242B29DC5600CE2CC1 /* CoredataSample.xcdatamodel */ = {isa = PBXFileReference; lastKnownFileType = wrapper.xcdatamodel; path = CoredataSample.xcdatamodel; sourceTree = "<group>"; };
		CC593F262B29DC5800CE2CC1 /* Assets.xcassets */ = {isa = PBXFileReference; lastKnownFileType = folder.assetcatalog; path = Assets.xcassets; sourceTree = "<group>"; };
		CC593F292B29DC5800CE2CC1 /* Base */ = {isa = PBXFileReference; lastKnownFileType = file.storyboard; name = Base; path = Base.lproj/LaunchScreen.storyboard; sourceTree = "<group>"; };
		CC593F2B2B29DC5800CE2CC1 /* Info.plist */ = {isa = PBXFileReference; lastKnownFileType = text.plist.xml; path = Info.plist; sourceTree = "<group>"; };
		CC593F332B2AC7E800CE2CC1 /* EmployeeTableVC.swift */ = {isa = PBXFileReference; lastKnownFileType = sourcecode.swift; path = EmployeeTableVC.swift; sourceTree = "<group>"; };
		CC593F3C2B2AD61600CE2CC1 /* DatabaseManager.swift */ = {isa = PBXFileReference; lastKnownFileType = sourcecode.swift; path = DatabaseManager.swift; sourceTree = "<group>"; };
		CC593F3E2B2AD80D00CE2CC1 /* EmployeeModel.swift */ = {isa = PBXFileReference; lastKnownFileType = sourcecode.swift; path = EmployeeModel.swift; sourceTree = "<group>"; };
/* End PBXFileReference section */

/* Begin PBXFrameworksBuildPhase section */
		CC593F142B29DC5600CE2CC1 /* Frameworks */ = {
			isa = PBXFrameworksBuildPhase;
			buildActionMask = 2147483647;
			files = (
			);
			runOnlyForDeploymentPostprocessing = 0;
		};
/* End PBXFrameworksBuildPhase section */

/* Begin PBXGroup section */
		CC593F0E2B29DC5600CE2CC1 = {
			isa = PBXGroup;
			children = (
				CC593F192B29DC5600CE2CC1 /* CoredataSample */,
				CC593F182B29DC5600CE2CC1 /* Products */,
			);
			sourceTree = "<group>";
		};
		CC593F182B29DC5600CE2CC1 /* Products */ = {
			isa = PBXGroup;
			children = (
				CC593F172B29DC5600CE2CC1 /* CoredataSample.app */,
			);
			name = Products;
			sourceTree = "<group>";
		};
		CC593F192B29DC5600CE2CC1 /* CoredataSample */ = {
			isa = PBXGroup;
			children = (
				CC593F392B2AC95100CE2CC1 /* Application */,
				CC593F382B2AC94E00CE2CC1 /* Database */,
				CC593F372B2AC94B00CE2CC1 /* Screens */,
				CC593F362B2AC94800CE2CC1 /* Storyboard */,
				CC593F352B2AC94300CE2CC1 /* Resources */,
				CC593F2B2B29DC5800CE2CC1 /* Info.plist */,
			);
			path = CoredataSample;
			sourceTree = "<group>";
		};
		CC593F352B2AC94300CE2CC1 /* Resources */ = {
			isa = PBXGroup;
			children = (
				CC593F262B29DC5800CE2CC1 /* Assets.xcassets */,
			);
			path = Resources;
			sourceTree = "<group>";
		};
		CC593F362B2AC94800CE2CC1 /* Storyboard */ = {
			isa = PBXGroup;
			children = (
				CC593F202B29DC5600CE2CC1 /* Main.storyboard */,
				CC593F282B29DC5800CE2CC1 /* LaunchScreen.storyboard */,
			);
			path = Storyboard;
			sourceTree = "<group>";
		};
		CC593F372B2AC94B00CE2CC1 /* Screens */ = {
			isa = PBXGroup;
			children = (
				CC593F3A2B2AC9C100CE2CC1 /* Model */,
				CC593F3B2B2AC9CB00CE2CC1 /* Controller */,
			);
			path = Screens;
			sourceTree = "<group>";
		};
		CC593F382B2AC94E00CE2CC1 /* Database */ = {
			isa = PBXGroup;
			children = (
				CC593F232B29DC5600CE2CC1 /* CoredataSample.xcdatamodeld */,
				CC593F3C2B2AD61600CE2CC1 /* DatabaseManager.swift */,
			);
			path = Database;
			sourceTree = "<group>";
		};
		CC593F392B2AC95100CE2CC1 /* Application */ = {
			isa = PBXGroup;
			children = (
				CC593F1A2B29DC5600CE2CC1 /* AppDelegate.swift */,
				CC593F1C2B29DC5600CE2CC1 /* SceneDelegate.swift */,
			);
			path = Application;
			sourceTree = "<group>";
		};
		CC593F3A2B2AC9C100CE2CC1 /* Model */ = {
			isa = PBXGroup;
			children = (
				CC593F3E2B2AD80D00CE2CC1 /* EmployeeModel.swift */,
			);
			path = Model;
			sourceTree = "<group>";
		};
		CC593F3B2B2AC9CB00CE2CC1 /* Controller */ = {
			isa = PBXGroup;
			children = (
				CC593F1E2B29DC5600CE2CC1 /* ViewController.swift */,
				CC593F332B2AC7E800CE2CC1 /* EmployeeTableVC.swift */,
			);
			path = Controller;
			sourceTree = "<group>";
		};
/* End PBXGroup section */

/* Begin PBXNativeTarget section */
		CC593F162B29DC5600CE2CC1 /* CoredataSample */ = {
			isa = PBXNativeTarget;
			buildConfigurationList = CC593F2E2B29DC5800CE2CC1 /* Build configuration list for PBXNativeTarget "CoredataSample" */;
			buildPhases = (
				CC593F132B29DC5600CE2CC1 /* Sources */,
				CC593F142B29DC5600CE2CC1 /* Frameworks */,
				CC593F152B29DC5600CE2CC1 /* Resources */,
			);
			buildRules = (
			);
			dependencies = (
			);
			name = CoredataSample;
			productName = CoredataSample;
			productReference = CC593F172B29DC5600CE2CC1 /* CoredataSample.app */;
			productType = "com.apple.product-type.application";
		};
/* End PBXNativeTarget section */

/* Begin PBXProject section */
		CC593F0F2B29DC5600CE2CC1 /* Project object */ = {
			isa = PBXProject;
			attributes = {
				BuildIndependentTargetsInParallel = 1;
				LastSwiftUpdateCheck = 1500;
				LastUpgradeCheck = 1500;
				TargetAttributes = {
					CC593F162B29DC5600CE2CC1 = {
						CreatedOnToolsVersion = 15.0.1;
					};
				};
			};
			buildConfigurationList = CC593F122B29DC5600CE2CC1 /* Build configuration list for PBXProject "CoredataSample" */;
			compatibilityVersion = "Xcode 14.0";
			developmentRegion = en;
			hasScannedForEncodings = 0;
			knownRegions = (
				en,
				Base,
			);
			mainGroup = CC593F0E2B29DC5600CE2CC1;
			productRefGroup = CC593F182B29DC5600CE2CC1 /* Products */;
			projectDirPath = "";
			projectRoot = "";
			targets = (
				CC593F162B29DC5600CE2CC1 /* CoredataSample */,
			);
		};
/* End PBXProject section */

/* Begin PBXResourcesBuildPhase section */
		CC593F152B29DC5600CE2CC1 /* Resources */ = {
			isa = PBXResourcesBuildPhase;
			buildActionMask = 2147483647;
			files = (
				CC593F2A2B29DC5800CE2CC1 /* LaunchScreen.storyboard in Resources */,
				CC593F272B29DC5800CE2CC1 /* Assets.xcassets in Resources */,
				CC593F222B29DC5600CE2CC1 /* Main.storyboard in Resources */,
			);
			runOnlyForDeploymentPostprocessing = 0;
		};
/* End PBXResourcesBuildPhase section */

/* Begin PBXSourcesBuildPhase section */
		CC593F132B29DC5600CE2CC1 /* Sources */ = {
			isa = PBXSourcesBuildPhase;
			buildActionMask = 2147483647;
			files = (
				CC593F3F2B2AD80D00CE2CC1 /* EmployeeModel.swift in Sources */,
				CC593F252B29DC5600CE2CC1 /* CoredataSample.xcdatamodeld in Sources */,
				CC593F1F2B29DC5600CE2CC1 /* ViewController.swift in Sources */,
				CC593F3D2B2AD61600CE2CC1 /* DatabaseManager.swift in Sources */,
				CC593F342B2AC7E800CE2CC1 /* EmployeeTableVC.swift in Sources */,
				CC593F1B2B29DC5600CE2CC1 /* AppDelegate.swift in Sources */,
				CC593F1D2B29DC5600CE2CC1 /* SceneDelegate.swift in Sources */,
			);
			runOnlyForDeploymentPostprocessing = 0;
		};
/* End PBXSourcesBuildPhase section */

/* Begin PBXVariantGroup section */
		CC593F202B29DC5600CE2CC1 /* Main.storyboard */ = {
			isa = PBXVariantGroup;
			children = (
				CC593F212B29DC5600CE2CC1 /* Base */,
			);
			name = Main.storyboard;
			sourceTree = "<group>";
		};
		CC593F282B29DC5800CE2CC1 /* LaunchScreen.storyboard */ = {
			isa = PBXVariantGroup;
			children = (
				CC593F292B29DC5800CE2CC1 /* Base */,
			);
			name = LaunchScreen.storyboard;
			sourceTree = "<group>";
		};
/* End PBXVariantGroup section */

/* Begin XCBuildConfiguration section */
		CC593F2C2B29DC5800CE2CC1 /* Debug */ = {
			isa = XCBuildConfiguration;
			buildSettings = {
				ALWAYS_SEARCH_USER_PATHS = NO;
				ASSETCATALOG_COMPILER_GENERATE_SWIFT_ASSET_SYMBOL_EXTENSIONS = YES;
				CLANG_ANALYZER_NONNULL = YES;
				CLANG_ANALYZER_NUMBER_OBJECT_CONVERSION = YES_AGGRESSIVE;
				CLANG_CXX_LANGUAGE_STANDARD = "gnu++20";
				CLANG_ENABLE_MODULES = YES;
				CLANG_ENABLE_OBJC_ARC = YES;
				CLANG_ENABLE_OBJC_WEAK = YES;
				CLANG_WARN_BLOCK_CAPTURE_AUTORELEASING = YES;
				CLANG_WARN_BOOL_CONVERSION = YES;
				CLANG_WARN_COMMA = YES;
				CLANG_WARN_CONSTANT_CONVERSION = YES;
				CLANG_WARN_DEPRECATED_OBJC_IMPLEMENTATIONS = YES;
				CLANG_WARN_DIRECT_OBJC_ISA_USAGE = YES_ERROR;
				CLANG_WARN_DOCUMENTATION_COMMENTS = YES;
				CLANG_WARN_EMPTY_BODY = YES;
				CLANG_WARN_ENUM_CONVERSION = YES;
				CLANG_WARN_INFINITE_RECURSION = YES;
				CLANG_WARN_INT_CONVERSION = YES;
				CLANG_WARN_NON_LITERAL_NULL_CONVERSION = YES;
				CLANG_WARN_OBJC_IMPLICIT_RETAIN_SELF = YES;
				CLANG_WARN_OBJC_LITERAL_CONVERSION = YES;
				CLANG_WARN_OBJC_ROOT_CLASS = YES_ERROR;
				CLANG_WARN_QUOTED_INCLUDE_IN_FRAMEWORK_HEADER = YES;
				CLANG_WARN_RANGE_LOOP_ANALYSIS = YES;
				CLANG_WARN_STRICT_PROTOTYPES = YES;
				CLANG_WARN_SUSPICIOUS_MOVE = YES;
				CLANG_WARN_UNGUARDED_AVAILABILITY = YES_AGGRESSIVE;
				CLANG_WARN_UNREACHABLE_CODE = YES;
				CLANG_WARN__DUPLICATE_METHOD_MATCH = YES;
				COPY_PHASE_STRIP = NO;
				DEBUG_INFORMATION_FORMAT = dwarf;
				ENABLE_STRICT_OBJC_MSGSEND = YES;
				ENABLE_TESTABILITY = YES;
				ENABLE_USER_SCRIPT_SANDBOXING = YES;
				GCC_C_LANGUAGE_STANDARD = gnu17;
				GCC_DYNAMIC_NO_PIC = NO;
				GCC_NO_COMMON_BLOCKS = YES;
				GCC_OPTIMIZATION_LEVEL = 0;
				GCC_PREPROCESSOR_DEFINITIONS = (
					"DEBUG=1",
					"$(inherited)",
				);
				GCC_WARN_64_TO_32_BIT_CONVERSION = YES;
				GCC_WARN_ABOUT_RETURN_TYPE = YES_ERROR;
				GCC_WARN_UNDECLARED_SELECTOR = YES;
				GCC_WARN_UNINITIALIZED_AUTOS = YES_AGGRESSIVE;
				GCC_WARN_UNUSED_FUNCTION = YES;
				GCC_WARN_UNUSED_VARIABLE = YES;
				IPHONEOS_DEPLOYMENT_TARGET = 17.0;
				LOCALIZATION_PREFERS_STRING_CATALOGS = YES;
				MTL_ENABLE_DEBUG_INFO = INCLUDE_SOURCE;
				MTL_FAST_MATH = YES;
				ONLY_ACTIVE_ARCH = YES;
				SDKROOT = iphoneos;
				SWIFT_ACTIVE_COMPILATION_CONDITIONS = "DEBUG $(inherited)";
				SWIFT_OPTIMIZATION_LEVEL = "-Onone";
			};
			name = Debug;
		};
		CC593F2D2B29DC5800CE2CC1 /* Release */ = {
			isa = XCBuildConfiguration;
			buildSettings = {
				ALWAYS_SEARCH_USER_PATHS = NO;
				ASSETCATALOG_COMPILER_GENERATE_SWIFT_ASSET_SYMBOL_EXTENSIONS = YES;
				CLANG_ANALYZER_NONNULL = YES;
				CLANG_ANALYZER_NUMBER_OBJECT_CONVERSION = YES_AGGRESSIVE;
				CLANG_CXX_LANGUAGE_STANDARD = "gnu++20";
				CLANG_ENABLE_MODULES = YES;
				CLANG_ENABLE_OBJC_ARC = YES;
				CLANG_ENABLE_OBJC_WEAK = YES;
				CLANG_WARN_BLOCK_CAPTURE_AUTORELEASING = YES;
				CLANG_WARN_BOOL_CONVERSION = YES;
				CLANG_WARN_COMMA = YES;
				CLANG_WARN_CONSTANT_CONVERSION = YES;
				CLANG_WARN_DEPRECATED_OBJC_IMPLEMENTATIONS = YES;
				CLANG_WARN_DIRECT_OBJC_ISA_USAGE = YES_ERROR;
				CLANG_WARN_DOCUMENTATION_COMMENTS = YES;
				CLANG_WARN_EMPTY_BODY = YES;
				CLANG_WARN_ENUM_CONVERSION = YES;
				CLANG_WARN_INFINITE_RECURSION = YES;
				CLANG_WARN_INT_CONVERSION = YES;
				CLANG_WARN_NON_LITERAL_NULL_CONVERSION = YES;
				CLANG_WARN_OBJC_IMPLICIT_RETAIN_SELF = YES;
				CLANG_WARN_OBJC_LITERAL_CONVERSION = YES;
				CLANG_WARN_OBJC_ROOT_CLASS = YES_ERROR;
				CLANG_WARN_QUOTED_INCLUDE_IN_FRAMEWORK_HEADER = YES;
				CLANG_WARN_RANGE_LOOP_ANALYSIS = YES;
				CLANG_WARN_STRICT_PROTOTYPES = YES;
				CLANG_WARN_SUSPICIOUS_MOVE = YES;
				CLANG_WARN_UNGUARDED_AVAILABILITY = YES_AGGRESSIVE;
				CLANG_WARN_UNREACHABLE_CODE = YES;
				CLANG_WARN__DUPLICATE_METHOD_MATCH = YES;
				COPY_PHASE_STRIP = NO;
				DEBUG_INFORMATION_FORMAT = "dwarf-with-dsym";
				ENABLE_NS_ASSERTIONS = NO;
				ENABLE_STRICT_OBJC_MSGSEND = YES;
				ENABLE_USER_SCRIPT_SANDBOXING = YES;
				GCC_C_LANGUAGE_STANDARD = gnu17;
				GCC_NO_COMMON_BLOCKS = YES;
				GCC_WARN_64_TO_32_BIT_CONVERSION = YES;
				GCC_WARN_ABOUT_RETURN_TYPE = YES_ERROR;
				GCC_WARN_UNDECLARED_SELECTOR = YES;
				GCC_WARN_UNINITIALIZED_AUTOS = YES_AGGRESSIVE;
				GCC_WARN_UNUSED_FUNCTION = YES;
				GCC_WARN_UNUSED_VARIABLE = YES;
				IPHONEOS_DEPLOYMENT_TARGET = 17.0;
				LOCALIZATION_PREFERS_STRING_CATALOGS = YES;
				MTL_ENABLE_DEBUG_INFO = NO;
				MTL_FAST_MATH = YES;
				SDKROOT = iphoneos;
				SWIFT_COMPILATION_MODE = wholemodule;
				VALIDATE_PRODUCT = YES;
			};
			name = Release;
		};
		CC593F2F2B29DC5800CE2CC1 /* Debug */ = {
			isa = XCBuildConfiguration;
			buildSettings = {
				ASSETCATALOG_COMPILER_APPICON_NAME = AppIcon;
				ASSETCATALOG_COMPILER_GLOBAL_ACCENT_COLOR_NAME = AccentColor;
				CODE_SIGN_STYLE = Automatic;
				CURRENT_PROJECT_VERSION = 1;
				GENERATE_INFOPLIST_FILE = YES;
				INFOPLIST_FILE = CoredataSample/Info.plist;
				INFOPLIST_KEY_UIApplicationSupportsIndirectInputEvents = YES;
				INFOPLIST_KEY_UILaunchStoryboardName = LaunchScreen;
				INFOPLIST_KEY_UIMainStoryboardFile = Main;
				INFOPLIST_KEY_UISupportedInterfaceOrientations_iPad = "UIInterfaceOrientationPortrait UIInterfaceOrientationPortraitUpsideDown UIInterfaceOrientationLandscapeLeft UIInterfaceOrientationLandscapeRight";
				INFOPLIST_KEY_UISupportedInterfaceOrientations_iPhone = "UIInterfaceOrientationPortrait UIInterfaceOrientationLandscapeLeft UIInterfaceOrientationLandscapeRight";
				LD_RUNPATH_SEARCH_PATHS = (
					"$(inherited)",
					"@executable_path/Frameworks",
				);
				MARKETING_VERSION = 1.0;
				PRODUCT_BUNDLE_IDENTIFIER = com.personal.CoredataSample;
				PRODUCT_NAME = "$(TARGET_NAME)";
				SWIFT_EMIT_LOC_STRINGS = YES;
				SWIFT_VERSION = 5.0;
				TARGETED_DEVICE_FAMILY = "1,2";
			};
			name = Debug;
		};
		CC593F302B29DC5800CE2CC1 /* Release */ = {
			isa = XCBuildConfiguration;
			buildSettings = {
				ASSETCATALOG_COMPILER_APPICON_NAME = AppIcon;
				ASSETCATALOG_COMPILER_GLOBAL_ACCENT_COLOR_NAME = AccentColor;
				CODE_SIGN_STYLE = Automatic;
				CURRENT_PROJECT_VERSION = 1;
				GENERATE_INFOPLIST_FILE = YES;
				INFOPLIST_FILE = CoredataSample/Info.plist;
				INFOPLIST_KEY_UIApplicationSupportsIndirectInputEvents = YES;
				INFOPLIST_KEY_UILaunchStoryboardName = LaunchScreen;
				INFOPLIST_KEY_UIMainStoryboardFile = Main;
				INFOPLIST_KEY_UISupportedInterfaceOrientations_iPad = "UIInterfaceOrientationPortrait UIInterfaceOrientationPortraitUpsideDown UIInterfaceOrientationLandscapeLeft UIInterfaceOrientationLandscapeRight";
				INFOPLIST_KEY_UISupportedInterfaceOrientations_iPhone = "UIInterfaceOrientationPortrait UIInterfaceOrientationLandscapeLeft UIInterfaceOrientationLandscapeRight";
				LD_RUNPATH_SEARCH_PATHS = (
					"$(inherited)",
					"@executable_path/Frameworks",
				);
				MARKETING_VERSION = 1.0;
				PRODUCT_BUNDLE_IDENTIFIER = com.personal.CoredataSample;
				PRODUCT_NAME = "$(TARGET_NAME)";
				SWIFT_EMIT_LOC_STRINGS = YES;
				SWIFT_VERSION = 5.0;
				TARGETED_DEVICE_FAMILY = "1,2";
			};
			name = Release;
		};
/* End XCBuildConfiguration section */

/* Begin XCConfigurationList section */
		CC593F122B29DC5600CE2CC1 /* Build configuration list for PBXProject "CoredataSample" */ = {
			isa = XCConfigurationList;
			buildConfigurations = (
				CC593F2C2B29DC5800CE2CC1 /* Debug */,
				CC593F2D2B29DC5800CE2CC1 /* Release */,
			);
			defaultConfigurationIsVisible = 0;
			defaultConfigurationName = Release;
		};
		CC593F2E2B29DC5800CE2CC1 /* Build configuration list for PBXNativeTarget "CoredataSample" */ = {
			isa = XCConfigurationList;
			buildConfigurations = (
				CC593F2F2B29DC5800CE2CC1 /* Debug */,
				CC593F302B29DC5800CE2CC1 /* Release */,
			);
			defaultConfigurationIsVisible = 0;
			defaultConfigurationName = Release;
		};
/* End XCConfigurationList section */

/* Begin XCVersionGroup section */
		CC593F232B29DC5600CE2CC1 /* CoredataSample.xcdatamodeld */ = {
			isa = XCVersionGroup;
			children = (
				CC593F242B29DC5600CE2CC1 /* CoredataSample.xcdatamodel */,
			);
			currentVersion = CC593F242B29DC5600CE2CC1 /* CoredataSample.xcdatamodel */;
			path = CoredataSample.xcdatamodeld;
			sourceTree = "<group>";
			versionGroupType = wrapper.xcdatamodel;
		};
/* End XCVersionGroup section */
	};
	rootObject = CC593F0F2B29DC5600CE2CC1 /* Project object */;
}
